
Microsoft Visual Studio Solution File, Format Version 12.00
# Visual Studio Version 16
VisualStudioVersion = 16.0.29306.81
MinimumVisualStudioVersion = 10.0.40219.1
Project("{9A19103F-16F7-4668-BE54-9A1E7A4F7556}") = "AdvertSite", "AdvertSite\AdvertSite.csproj", "{1008C135-ABDF-4255-98B0-FE00B8E1A6E6}"
EndProject
Project("{FAE04EC0-301F-11D3-BF4B-00C04F79EFBC}") = "AdvertSiteTests", "AdvertSiteTests\AdvertSiteTests.csproj", "{8A75D657-F258-4609-B872-CA860E5AC6A5}"
EndProject
Global
	GlobalSection(SolutionConfigurationPlatforms) = preSolution
		Debug|Any CPU = Debug|Any CPU
		Release|Any CPU = Release|Any CPU
	EndGlobalSection
	GlobalSection(ProjectConfigurationPlatforms) = postSolution
		{1008C135-ABDF-4255-98B0-FE00B8E1A6E6}.Debug|Any CPU.ActiveCfg = Debug|Any CPU
		{1008C135-ABDF-4255-98B0-FE00B8E1A6E6}.Debug|Any CPU.Build.0 = Debug|Any CPU
		{1008C135-ABDF-4255-98B0-FE00B8E1A6E6}.Release|Any CPU.ActiveCfg = Release|Any CPU
		{1008C135-ABDF-4255-98B0-FE00B8E1A6E6}.Release|Any CPU.Build.0 = Release|Any CPU
		{8A75D657-F258-4609-B872-CA860E5AC6A5}.Debug|Any CPU.ActiveCfg = Debug|Any CPU
		{8A75D657-F258-4609-B872-CA860E5AC6A5}.Debug|Any CPU.Build.0 = Debug|Any CPU
		{8A75D657-F258-4609-B872-CA860E5AC6A5}.Release|Any CPU.ActiveCfg = Release|Any CPU
		{8A75D657-F258-4609-B872-CA860E5AC6A5}.Release|Any CPU.Build.0 = Release|Any CPU
	EndGlobalSection
	GlobalSection(SolutionProperties) = preSolution
		HideSolutionNode = FALSE
	EndGlobalSection
	GlobalSection(ExtensibilityGlobals) = postSolution
		SolutionGuid = {8F198DCA-F5AC-4808-B41E-7252DEFF147E}
	EndGlobalSection
EndGlobal
